// !$*UTF8*$!
{
	archiveVersion = 1;
	classes = {
	};
	objectVersion = 55;
	objects = {

/* Begin PBXBuildFile section */
		849C24F727749E8A00B1A462 /* AppDelegate.swift in Sources */ = {isa = PBXBuildFile; fileRef = 849C24F627749E8A00B1A462 /* AppDelegate.swift */; };
		849C24F927749E8A00B1A462 /* SceneDelegate.swift in Sources */ = {isa = PBXBuildFile; fileRef = 849C24F827749E8A00B1A462 /* SceneDelegate.swift */; };
		849C24FB27749E8A00B1A462 /* CharecterTableViewController.swift in Sources */ = {isa = PBXBuildFile; fileRef = 849C24FA27749E8A00B1A462 /* CharecterTableViewController.swift */; };
		849C24FE27749E8A00B1A462 /* Main.storyboard in Resources */ = {isa = PBXBuildFile; fileRef = 849C24FC27749E8A00B1A462 /* Main.storyboard */; };
		849C250027749E8C00B1A462 /* Assets.xcassets in Resources */ = {isa = PBXBuildFile; fileRef = 849C24FF27749E8C00B1A462 /* Assets.xcassets */; };
		849C250327749E8C00B1A462 /* LaunchScreen.storyboard in Resources */ = {isa = PBXBuildFile; fileRef = 849C250127749E8C00B1A462 /* LaunchScreen.storyboard */; };
		849C250C2775576C00B1A462 /* FilmsTableViewController.swift in Sources */ = {isa = PBXBuildFile; fileRef = 849C250B2775576C00B1A462 /* FilmsTableViewController.swift */; };
		849C250F2775586200B1A462 /* CharecterCell.swift in Sources */ = {isa = PBXBuildFile; fileRef = 849C250E2775586200B1A462 /* CharecterCell.swift */; };
		849C25112775588300B1A462 /* FilmsCell.swift in Sources */ = {isa = PBXBuildFile; fileRef = 849C25102775588300B1A462 /* FilmsCell.swift */; };
		849C251327755A9C00B1A462 /* GetApiManager.swift in Sources */ = {isa = PBXBuildFile; fileRef = 849C251227755A9C00B1A462 /* GetApiManager.swift */; };
		849C251627755EDB00B1A462 /* CharacterModel.swift in Sources */ = {isa = PBXBuildFile; fileRef = 849C251527755EDB00B1A462 /* CharacterModel.swift */; };
		849C251827755EF500B1A462 /* FilmsModel.swift in Sources */ = {isa = PBXBuildFile; fileRef = 849C251727755EF500B1A462 /* FilmsModel.swift */; };
/* End PBXBuildFile section */

/* Begin PBXFileReference section */
		849C24F327749E8A00B1A462 /* Star Wars API.app */ = {isa = PBXFileReference; explicitFileType = wrapper.application; includeInIndex = 0; path = "Star Wars API.app"; sourceTree = BUILT_PRODUCTS_DIR; };
		849C24F627749E8A00B1A462 /* AppDelegate.swift */ = {isa = PBXFileReference; lastKnownFileType = sourcecode.swift; path = AppDelegate.swift; sourceTree = "<group>"; };
		849C24F827749E8A00B1A462 /* SceneDelegate.swift */ = {isa = PBXFileReference; lastKnownFileType = sourcecode.swift; path = SceneDelegate.swift; sourceTree = "<group>"; };
		849C24FA27749E8A00B1A462 /* CharecterTableViewController.swift */ = {isa = PBXFileReference; lastKnownFileType = sourcecode.swift; path = CharecterTableViewController.swift; sourceTree = "<group>"; };
		849C24FD27749E8A00B1A462 /* Base */ = {isa = PBXFileReference; lastKnownFileType = file.storyboard; name = Base; path = Base.lproj/Main.storyboard; sourceTree = "<group>"; };
		849C24FF27749E8C00B1A462 /* Assets.xcassets */ = {isa = PBXFileReference; lastKnownFileType = folder.assetcatalog; path = Assets.xcassets; sourceTree = "<group>"; };
		849C250227749E8C00B1A462 /* Base */ = {isa = PBXFileReference; lastKnownFileType = file.storyboard; name = Base; path = Base.lproj/LaunchScreen.storyboard; sourceTree = "<group>"; };
		849C250427749E8C00B1A462 /* Info.plist */ = {isa = PBXFileReference; lastKnownFileType = text.plist.xml; path = Info.plist; sourceTree = "<group>"; };
		849C250B2775576C00B1A462 /* FilmsTableViewController.swift */ = {isa = PBXFileReference; lastKnownFileType = sourcecode.swift; path = FilmsTableViewController.swift; sourceTree = "<group>"; };
		849C250E2775586200B1A462 /* CharecterCell.swift */ = {isa = PBXFileReference; lastKnownFileType = sourcecode.swift; path = CharecterCell.swift; sourceTree = "<group>"; };
		849C25102775588300B1A462 /* FilmsCell.swift */ = {isa = PBXFileReference; lastKnownFileType = sourcecode.swift; path = FilmsCell.swift; sourceTree = "<group>"; };
		849C251227755A9C00B1A462 /* GetApiManager.swift */ = {isa = PBXFileReference; lastKnownFileType = sourcecode.swift; path = GetApiManager.swift; sourceTree = "<group>"; };
		849C251527755EDB00B1A462 /* CharacterModel.swift */ = {isa = PBXFileReference; lastKnownFileType = sourcecode.swift; path = CharacterModel.swift; sourceTree = "<group>"; };
		849C251727755EF500B1A462 /* FilmsModel.swift */ = {isa = PBXFileReference; lastKnownFileType = sourcecode.swift; path = FilmsModel.swift; sourceTree = "<group>"; };
/* End PBXFileReference section */

/* Begin PBXFrameworksBuildPhase section */
		849C24F027749E8A00B1A462 /* Frameworks */ = {
			isa = PBXFrameworksBuildPhase;
			buildActionMask = 2147483647;
			files = (
			);
			runOnlyForDeploymentPostprocessing = 0;
		};
/* End PBXFrameworksBuildPhase section */

/* Begin PBXGroup section */
		849C24EA27749E8900B1A462 = {
			isa = PBXGroup;
			children = (
				849C24F527749E8A00B1A462 /* Star Wars API */,
				849C24F427749E8A00B1A462 /* Products */,
			);
			sourceTree = "<group>";
		};
		849C24F427749E8A00B1A462 /* Products */ = {
			isa = PBXGroup;
			children = (
				849C24F327749E8A00B1A462 /* Star Wars API.app */,
			);
			name = Products;
			sourceTree = "<group>";
		};
		849C24F527749E8A00B1A462 /* Star Wars API */ = {
			isa = PBXGroup;
			children = (
				849C24F627749E8A00B1A462 /* AppDelegate.swift */,
				849C24F827749E8A00B1A462 /* SceneDelegate.swift */,
				849C251227755A9C00B1A462 /* GetApiManager.swift */,
				849C251427755E8300B1A462 /* Structs */,
				849C250D277557E200B1A462 /* CustomCells */,
				849C250A2775571400B1A462 /* Controllers */,
				849C24FC27749E8A00B1A462 /* Main.storyboard */,
				849C24FF27749E8C00B1A462 /* Assets.xcassets */,
				849C250127749E8C00B1A462 /* LaunchScreen.storyboard */,
				849C250427749E8C00B1A462 /* Info.plist */,
			);
			path = "Star Wars API";
			sourceTree = "<group>";
		};
		849C250A2775571400B1A462 /* Controllers */ = {
			isa = PBXGroup;
			children = (
				849C24FA27749E8A00B1A462 /* CharecterTableViewController.swift */,
				849C250B2775576C00B1A462 /* FilmsTableViewController.swift */,
			);
			path = Controllers;
			sourceTree = "<group>";
		};
		849C250D277557E200B1A462 /* CustomCells */ = {
			isa = PBXGroup;
			children = (
				849C250E2775586200B1A462 /* CharecterCell.swift */,
				849C25102775588300B1A462 /* FilmsCell.swift */,
			);
			path = CustomCells;
			sourceTree = "<group>";
		};
		849C251427755E8300B1A462 /* Structs */ = {
			isa = PBXGroup;
			children = (
				849C251527755EDB00B1A462 /* CharacterModel.swift */,
				849C251727755EF500B1A462 /* FilmsModel.swift */,
			);
			path = Structs;
			sourceTree = "<group>";
		};
/* End PBXGroup section */

/* Begin PBXNativeTarget section */
		849C24F227749E8A00B1A462 /* Star Wars API */ = {
			isa = PBXNativeTarget;
			buildConfigurationList = 849C250727749E8C00B1A462 /* Build configuration list for PBXNativeTarget "Star Wars API" */;
			buildPhases = (
				849C24EF27749E8A00B1A462 /* Sources */,
				849C24F027749E8A00B1A462 /* Frameworks */,
				849C24F127749E8A00B1A462 /* Resources */,
			);
			buildRules = (
			);
			dependencies = (
			);
			name = "Star Wars API";
			productName = "Star Wars API";
			productReference = 849C24F327749E8A00B1A462 /* Star Wars API.app */;
			productType = "com.apple.product-type.application";
		};
/* End PBXNativeTarget section */

/* Begin PBXProject section */
		849C24EB27749E8900B1A462 /* Project object */ = {
			isa = PBXProject;
			attributes = {
				BuildIndependentTargetsInParallel = 1;
				LastSwiftUpdateCheck = 1300;
				LastUpgradeCheck = 1300;
				TargetAttributes = {
					849C24F227749E8A00B1A462 = {
						CreatedOnToolsVersion = 13.0;
					};
				};
			};
			buildConfigurationList = 849C24EE27749E8900B1A462 /* Build configuration list for PBXProject "Star Wars API" */;
			compatibilityVersion = "Xcode 13.0";
			developmentRegion = en;
			hasScannedForEncodings = 0;
			knownRegions = (
				en,
				Base,
			);
			mainGroup = 849C24EA27749E8900B1A462;
			productRefGroup = 849C24F427749E8A00B1A462 /* Products */;
			projectDirPath = "";
			projectRoot = "";
			targets = (
				849C24F227749E8A00B1A462 /* Star Wars API */,
			);
		};
/* End PBXProject section */

/* Begin PBXResourcesBuildPhase section */
		849C24F127749E8A00B1A462 /* Resources */ = {
			isa = PBXResourcesBuildPhase;
			buildActionMask = 2147483647;
			files = (
				849C250327749E8C00B1A462 /* LaunchScreen.storyboard in Resources */,
				849C250027749E8C00B1A462 /* Assets.xcassets in Resources */,
				849C24FE27749E8A00B1A462 /* Main.storyboard in Resources */,
			);
			runOnlyForDeploymentPostprocessing = 0;
		};
/* End PBXResourcesBuildPhase section */

/* Begin PBXSourcesBuildPhase section */
		849C24EF27749E8A00B1A462 /* Sources */ = {
			isa = PBXSourcesBuildPhase;
			buildActionMask = 2147483647;
			files = (
				849C251827755EF500B1A462 /* FilmsModel.swift in Sources */,
				849C251327755A9C00B1A462 /* GetApiManager.swift in Sources */,
				849C24FB27749E8A00B1A462 /* CharecterTableViewController.swift in Sources */,
				849C25112775588300B1A462 /* FilmsCell.swift in Sources */,
				849C250F2775586200B1A462 /* CharecterCell.swift in Sources */,
				849C24F727749E8A00B1A462 /* AppDelegate.swift in Sources */,
				849C251627755EDB00B1A462 /* CharacterModel.swift in Sources */,
				849C24F927749E8A00B1A462 /* SceneDelegate.swift in Sources */,
				849C250C2775576C00B1A462 /* FilmsTableViewController.swift in Sources */,
			);
			runOnlyForDeploymentPostprocessing = 0;
		};
/* End PBXSourcesBuildPhase section */

/* Begin PBXVariantGroup section */
		849C24FC27749E8A00B1A462 /* Main.storyboard */ = {
			isa = PBXVariantGroup;
			children = (
				849C24FD27749E8A00B1A462 /* Base */,
			);
			name = Main.storyboard;
			sourceTree = "<group>";
		};
		849C250127749E8C00B1A462 /* LaunchScreen.storyboard */ = {
			isa = PBXVariantGroup;
			children = (
				849C250227749E8C00B1A462 /* Base */,
			);
			name = LaunchScreen.storyboard;
			sourceTree = "<group>";
		};
/* End PBXVariantGroup section */

/* Begin XCBuildConfiguration section */
		849C250527749E8C00B1A462 /* Debug */ = {
			isa = XCBuildConfiguration;
			buildSettings = {
				ALWAYS_SEARCH_USER_PATHS = NO;
				CLANG_ANALYZER_NONNULL = YES;
				CLANG_ANALYZER_NUMBER_OBJECT_CONVERSION = YES_AGGRESSIVE;
				CLANG_CXX_LANGUAGE_STANDARD = "gnu++17";
				CLANG_CXX_LIBRARY = "libc++";
				CLANG_ENABLE_MODULES = YES;
				CLANG_ENABLE_OBJC_ARC = YES;
				CLANG_ENABLE_OBJC_WEAK = YES;
				CLANG_WARN_BLOCK_CAPTURE_AUTORELEASING = YES;
				CLANG_WARN_BOOL_CONVERSION = YES;
				CLANG_WARN_COMMA = YES;
				CLANG_WARN_CONSTANT_CONVERSION = YES;
				CLANG_WARN_DEPRECATED_OBJC_IMPLEMENTATIONS = YES;
				CLANG_WARN_DIRECT_OBJC_ISA_USAGE = YES_ERROR;
				CLANG_WARN_DOCUMENTATION_COMMENTS = YES;
				CLANG_WARN_EMPTY_BODY = YES;
				CLANG_WARN_ENUM_CONVERSION = YES;
				CLANG_WARN_INFINITE_RECURSION = YES;
				CLANG_WARN_INT_CONVERSION = YES;
				CLANG_WARN_NON_LITERAL_NULL_CONVERSION = YES;
				CLANG_WARN_OBJC_IMPLICIT_RETAIN_SELF = YES;
				CLANG_WARN_OBJC_LITERAL_CONVERSION = YES;
				CLANG_WARN_OBJC_ROOT_CLASS = YES_ERROR;
				CLANG_WARN_QUOTED_INCLUDE_IN_FRAMEWORK_HEADER = YES;
				CLANG_WARN_RANGE_LOOP_ANALYSIS = YES;
				CLANG_WARN_STRICT_PROTOTYPES = YES;
				CLANG_WARN_SUSPICIOUS_MOVE = YES;
				CLANG_WARN_UNGUARDED_AVAILABILITY = YES_AGGRESSIVE;
				CLANG_WARN_UNREACHABLE_CODE = YES;
				CLANG_WARN__DUPLICATE_METHOD_MATCH = YES;
				COPY_PHASE_STRIP = NO;
				DEBUG_INFORMATION_FORMAT = dwarf;
				ENABLE_STRICT_OBJC_MSGSEND = YES;
				ENABLE_TESTABILITY = YES;
				GCC_C_LANGUAGE_STANDARD = gnu11;
				GCC_DYNAMIC_NO_PIC = NO;
				GCC_NO_COMMON_BLOCKS = YES;
				GCC_OPTIMIZATION_LEVEL = 0;
				GCC_PREPROCESSOR_DEFINITIONS = (
					"DEBUG=1",
					"$(inherited)",
				);
				GCC_WARN_64_TO_32_BIT_CONVERSION = YES;
				GCC_WARN_ABOUT_RETURN_TYPE = YES_ERROR;
				GCC_WARN_UNDECLARED_SELECTOR = YES;
				GCC_WARN_UNINITIALIZED_AUTOS = YES_AGGRESSIVE;
				GCC_WARN_UNUSED_FUNCTION = YES;
				GCC_WARN_UNUSED_VARIABLE = YES;
				IPHONEOS_DEPLOYMENT_TARGET = 15.0;
				MTL_ENABLE_DEBUG_INFO = INCLUDE_SOURCE;
				MTL_FAST_MATH = YES;
				ONLY_ACTIVE_ARCH = YES;
				SDKROOT = iphoneos;
				SWIFT_ACTIVE_COMPILATION_CONDITIONS = DEBUG;
				SWIFT_OPTIMIZATION_LEVEL = "-Onone";
			};
			name = Debug;
		};
		849C250627749E8C00B1A462 /* Release */ = {
			isa = XCBuildConfiguration;
			buildSettings = {
				ALWAYS_SEARCH_USER_PATHS = NO;
				CLANG_ANALYZER_NONNULL = YES;
				CLANG_ANALYZER_NUMBER_OBJECT_CONVERSION = YES_AGGRESSIVE;
				CLANG_CXX_LANGUAGE_STANDARD = "gnu++17";
				CLANG_CXX_LIBRARY = "libc++";
				CLANG_ENABLE_MODULES = YES;
				CLANG_ENABLE_OBJC_ARC = YES;
				CLANG_ENABLE_OBJC_WEAK = YES;
				CLANG_WARN_BLOCK_CAPTURE_AUTORELEASING = YES;
				CLANG_WARN_BOOL_CONVERSION = YES;
				CLANG_WARN_COMMA = YES;
				CLANG_WARN_CONSTANT_CONVERSION = YES;
				CLANG_WARN_DEPRECATED_OBJC_IMPLEMENTATIONS = YES;
				CLANG_WARN_DIRECT_OBJC_ISA_USAGE = YES_ERROR;
				CLANG_WARN_DOCUMENTATION_COMMENTS = YES;
				CLANG_WARN_EMPTY_BODY = YES;
				CLANG_WARN_ENUM_CONVERSION = YES;
				CLANG_WARN_INFINITE_RECURSION = YES;
				CLANG_WARN_INT_CONVERSION = YES;
				CLANG_WARN_NON_LITERAL_NULL_CONVERSION = YES;
				CLANG_WARN_OBJC_IMPLICIT_RETAIN_SELF = YES;
				CLANG_WARN_OBJC_LITERAL_CONVERSION = YES;
				CLANG_WARN_OBJC_ROOT_CLASS = YES_ERROR;
				CLANG_WARN_QUOTED_INCLUDE_IN_FRAMEWORK_HEADER = YES;
				CLANG_WARN_RANGE_LOOP_ANALYSIS = YES;
				CLANG_WARN_STRICT_PROTOTYPES = YES;
				CLANG_WARN_SUSPICIOUS_MOVE = YES;
				CLANG_WARN_UNGUARDED_AVAILABILITY = YES_AGGRESSIVE;
				CLANG_WARN_UNREACHABLE_CODE = YES;
				CLANG_WARN__DUPLICATE_METHOD_MATCH = YES;
				COPY_PHASE_STRIP = NO;
				DEBUG_INFORMATION_FORMAT = "dwarf-with-dsym";
				ENABLE_NS_ASSERTIONS = NO;
				ENABLE_STRICT_OBJC_MSGSEND = YES;
				GCC_C_LANGUAGE_STANDARD = gnu11;
				GCC_NO_COMMON_BLOCKS = YES;
				GCC_WARN_64_TO_32_BIT_CONVERSION = YES;
				GCC_WARN_ABOUT_RETURN_TYPE = YES_ERROR;
				GCC_WARN_UNDECLARED_SELECTOR = YES;
				GCC_WARN_UNINITIALIZED_AUTOS = YES_AGGRESSIVE;
				GCC_WARN_UNUSED_FUNCTION = YES;
				GCC_WARN_UNUSED_VARIABLE = YES;
				IPHONEOS_DEPLOYMENT_TARGET = 15.0;
				MTL_ENABLE_DEBUG_INFO = NO;
				MTL_FAST_MATH = YES;
				SDKROOT = iphoneos;
				SWIFT_COMPILATION_MODE = wholemodule;
				SWIFT_OPTIMIZATION_LEVEL = "-O";
				VALIDATE_PRODUCT = YES;
			};
			name = Release;
		};
		849C250827749E8C00B1A462 /* Debug */ = {
			isa = XCBuildConfiguration;
			buildSettings = {
				ASSETCATALOG_COMPILER_APPICON_NAME = AppIcon;
				ASSETCATALOG_COMPILER_GLOBAL_ACCENT_COLOR_NAME = AccentColor;
				CODE_SIGN_STYLE = Automatic;
				CURRENT_PROJECT_VERSION = 1;
				GENERATE_INFOPLIST_FILE = YES;
				INFOPLIST_FILE = "Star Wars API/Info.plist";
				INFOPLIST_KEY_UIApplicationSupportsIndirectInputEvents = YES;
				INFOPLIST_KEY_UILaunchStoryboardName = LaunchScreen;
				INFOPLIST_KEY_UIMainStoryboardFile = Main;
				INFOPLIST_KEY_UISupportedInterfaceOrientations = "UIInterfaceOrientationPortrait UIInterfaceOrientationLandscapeLeft UIInterfaceOrientationLandscapeRight";
				INFOPLIST_KEY_UISupportedInterfaceOrientations_iPad = "UIInterfaceOrientationPortrait UIInterfaceOrientationPortraitUpsideDown UIInterfaceOrientationLandscapeLeft UIInterfaceOrientationLandscapeRight";
				INFOPLIST_KEY_UISupportedInterfaceOrientations_iPhone = "UIInterfaceOrientationPortrait UIInterfaceOrientationLandscapeLeft UIInterfaceOrientationLandscapeRight";
				LD_RUNPATH_SEARCH_PATHS = (
					"$(inherited)",
					"@executable_path/Frameworks",
				);
				MARKETING_VERSION = 1.0;
				PRODUCT_BUNDLE_IDENTIFIER = "me.Ahad.StarWars.Star-Wars-API";
				PRODUCT_NAME = "$(TARGET_NAME)";
				SWIFT_EMIT_LOC_STRINGS = YES;
				SWIFT_VERSION = 5.0;
				TARGETED_DEVICE_FAMILY = "1,2";
			};
			name = Debug;
		};
		849C250927749E8C00B1A462 /* Release */ = {
			isa = XCBuildConfiguration;
			buildSettings = {
				ASSETCATALOG_COMPILER_APPICON_NAME = AppIcon;
				ASSETCATALOG_COMPILER_GLOBAL_ACCENT_COLOR_NAME = AccentColor;
				CODE_SIGN_STYLE = Automatic;
				CURRENT_PROJECT_VERSION = 1;
				GENERATE_INFOPLIST_FILE = YES;
				INFOPLIST_FILE = "Star Wars API/Info.plist";
				INFOPLIST_KEY_UIApplicationSupportsIndirectInputEvents = YES;
				INFOPLIST_KEY_UILaunchStoryboardName = LaunchScreen;
				INFOPLIST_KEY_UIMainStoryboardFile = Main;
				INFOPLIST_KEY_UISupportedInterfaceOrientations = "UIInterfaceOrientationPortrait UIInterfaceOrientationLandscapeLeft UIInterfaceOrientationLandscapeRight";
				INFOPLIST_KEY_UISupportedInterfaceOrientations_iPad = "UIInterfaceOrientationPortrait UIInterfaceOrientationPortraitUpsideDown UIInterfaceOrientationLandscapeLeft UIInterfaceOrientationLandscapeRight";
				INFOPLIST_KEY_UISupportedInterfaceOrientations_iPhone = "UIInterfaceOrientationPortrait UIInterfaceOrientationLandscapeLeft UIInterfaceOrientationLandscapeRight";
				LD_RUNPATH_SEARCH_PATHS = (
					"$(inherited)",
					"@executable_path/Frameworks",
				);
				MARKETING_VERSION = 1.0;
				PRODUCT_BUNDLE_IDENTIFIER = "me.Ahad.StarWars.Star-Wars-API";
				PRODUCT_NAME = "$(TARGET_NAME)";
				SWIFT_EMIT_LOC_STRINGS = YES;
				SWIFT_VERSION = 5.0;
				TARGETED_DEVICE_FAMILY = "1,2";
			};
			name = Release;
		};
/* End XCBuildConfiguration section */

/* Begin XCConfigurationList section */
		849C24EE27749E8900B1A462 /* Build configuration list for PBXProject "Star Wars API" */ = {
			isa = XCConfigurationList;
			buildConfigurations = (
				849C250527749E8C00B1A462 /* Debug */,
				849C250627749E8C00B1A462 /* Release */,
			);
			defaultConfigurationIsVisible = 0;
			defaultConfigurationName = Release;
		};
		849C250727749E8C00B1A462 /* Build configuration list for PBXNativeTarget "Star Wars API" */ = {
			isa = XCConfigurationList;
			buildConfigurations = (
				849C250827749E8C00B1A462 /* Debug */,
				849C250927749E8C00B1A462 /* Release */,
			);
			defaultConfigurationIsVisible = 0;
			defaultConfigurationName = Release;
		};
/* End XCConfigurationList section */
	};
	rootObject = 849C24EB27749E8900B1A462 /* Project object */;
}
